// !$*UTF8*$!
{
	archiveVersion = 1;
	classes = {
	};
	objectVersion = 46;
	objects = {

/* Begin PBXBuildFile section */
		3765ED59CDAB66ECDF0B519E /* Pods_Instagram.framework in Frameworks */ = {isa = PBXBuildFile; fileRef = 89EA1F30C255ECC32A80E68B /* Pods_Instagram.framework */; };
		526428D91EEA8D3A005F7410 /* AppDelegate.swift in Sources */ = {isa = PBXBuildFile; fileRef = 526428D81EEA8D3A005F7410 /* AppDelegate.swift */; };
		526428DB1EEA8D3A005F7410 /* ViewController.swift in Sources */ = {isa = PBXBuildFile; fileRef = 526428DA1EEA8D3A005F7410 /* ViewController.swift */; };
		526428DE1EEA8D3A005F7410 /* Main.storyboard in Resources */ = {isa = PBXBuildFile; fileRef = 526428DC1EEA8D3A005F7410 /* Main.storyboard */; };
		526428E01EEA8D3A005F7410 /* Assets.xcassets in Resources */ = {isa = PBXBuildFile; fileRef = 526428DF1EEA8D3A005F7410 /* Assets.xcassets */; };
		526428E31EEA8D3A005F7410 /* LaunchScreen.storyboard in Resources */ = {isa = PBXBuildFile; fileRef = 526428E11EEA8D3A005F7410 /* LaunchScreen.storyboard */; };
		526428EB1EEA8E12005F7410 /* HomeViewController.swift in Sources */ = {isa = PBXBuildFile; fileRef = 526428EA1EEA8E12005F7410 /* HomeViewController.swift */; };
		526428ED1EEA8E1C005F7410 /* LoginViewController.swift in Sources */ = {isa = PBXBuildFile; fileRef = 526428EC1EEA8E1C005F7410 /* LoginViewController.swift */; };
		526428EF1EEA8E25005F7410 /* SettingViewController.swift in Sources */ = {isa = PBXBuildFile; fileRef = 526428EE1EEA8E25005F7410 /* SettingViewController.swift */; };
		526428F11EEA8E35005F7410 /* PostViewController.swift in Sources */ = {isa = PBXBuildFile; fileRef = 526428F01EEA8E35005F7410 /* PostViewController.swift */; };
		526428F31EEA8E43005F7410 /* ImageSelectViewController.swift in Sources */ = {isa = PBXBuildFile; fileRef = 526428F21EEA8E43005F7410 /* ImageSelectViewController.swift */; };
		526428F51EEA94D7005F7410 /* GoogleService-Info.plist in Resources */ = {isa = PBXBuildFile; fileRef = 526428F41EEA94D7005F7410 /* GoogleService-Info.plist */; };
/* End PBXBuildFile section */

/* Begin PBXFileReference section */
		2C577CC32758D81F7CC9D9A3 /* Pods-Instagram.release.xcconfig */ = {isa = PBXFileReference; includeInIndex = 1; lastKnownFileType = text.xcconfig; name = "Pods-Instagram.release.xcconfig"; path = "Pods/Target Support Files/Pods-Instagram/Pods-Instagram.release.xcconfig"; sourceTree = "<group>"; };
		526428D51EEA8D3A005F7410 /* Instagram.app */ = {isa = PBXFileReference; explicitFileType = wrapper.application; includeInIndex = 0; path = Instagram.app; sourceTree = BUILT_PRODUCTS_DIR; };
		526428D81EEA8D3A005F7410 /* AppDelegate.swift */ = {isa = PBXFileReference; lastKnownFileType = sourcecode.swift; path = AppDelegate.swift; sourceTree = "<group>"; };
		526428DA1EEA8D3A005F7410 /* ViewController.swift */ = {isa = PBXFileReference; lastKnownFileType = sourcecode.swift; path = ViewController.swift; sourceTree = "<group>"; };
		526428DD1EEA8D3A005F7410 /* Base */ = {isa = PBXFileReference; lastKnownFileType = file.storyboard; name = Base; path = Base.lproj/Main.storyboard; sourceTree = "<group>"; };
		526428DF1EEA8D3A005F7410 /* Assets.xcassets */ = {isa = PBXFileReference; lastKnownFileType = folder.assetcatalog; path = Assets.xcassets; sourceTree = "<group>"; };
		526428E21EEA8D3A005F7410 /* Base */ = {isa = PBXFileReference; lastKnownFileType = file.storyboard; name = Base; path = Base.lproj/LaunchScreen.storyboard; sourceTree = "<group>"; };
		526428E41EEA8D3A005F7410 /* Info.plist */ = {isa = PBXFileReference; lastKnownFileType = text.plist.xml; path = Info.plist; sourceTree = "<group>"; };
		526428EA1EEA8E12005F7410 /* HomeViewController.swift */ = {isa = PBXFileReference; fileEncoding = 4; lastKnownFileType = sourcecode.swift; path = HomeViewController.swift; sourceTree = "<group>"; };
		526428EC1EEA8E1C005F7410 /* LoginViewController.swift */ = {isa = PBXFileReference; fileEncoding = 4; lastKnownFileType = sourcecode.swift; path = LoginViewController.swift; sourceTree = "<group>"; };
		526428EE1EEA8E25005F7410 /* SettingViewController.swift */ = {isa = PBXFileReference; fileEncoding = 4; lastKnownFileType = sourcecode.swift; path = SettingViewController.swift; sourceTree = "<group>"; };
		526428F01EEA8E35005F7410 /* PostViewController.swift */ = {isa = PBXFileReference; fileEncoding = 4; lastKnownFileType = sourcecode.swift; path = PostViewController.swift; sourceTree = "<group>"; };
		526428F21EEA8E43005F7410 /* ImageSelectViewController.swift */ = {isa = PBXFileReference; fileEncoding = 4; lastKnownFileType = sourcecode.swift; path = ImageSelectViewController.swift; sourceTree = "<group>"; };
		526428F41EEA94D7005F7410 /* GoogleService-Info.plist */ = {isa = PBXFileReference; fileEncoding = 4; lastKnownFileType = text.plist.xml; name = "GoogleService-Info.plist"; path = "../GoogleService-Info.plist"; sourceTree = "<group>"; };
		89EA1F30C255ECC32A80E68B /* Pods_Instagram.framework */ = {isa = PBXFileReference; explicitFileType = wrapper.framework; includeInIndex = 0; path = Pods_Instagram.framework; sourceTree = BUILT_PRODUCTS_DIR; };
		E840F6AD2DE31E7751492E65 /* Pods-Instagram.debug.xcconfig */ = {isa = PBXFileReference; includeInIndex = 1; lastKnownFileType = text.xcconfig; name = "Pods-Instagram.debug.xcconfig"; path = "Pods/Target Support Files/Pods-Instagram/Pods-Instagram.debug.xcconfig"; sourceTree = "<group>"; };
/* End PBXFileReference section */

/* Begin PBXFrameworksBuildPhase section */
		526428D21EEA8D3A005F7410 /* Frameworks */ = {
			isa = PBXFrameworksBuildPhase;
			buildActionMask = 2147483647;
			files = (
				3765ED59CDAB66ECDF0B519E /* Pods_Instagram.framework in Frameworks */,
			);
			runOnlyForDeploymentPostprocessing = 0;
		};
/* End PBXFrameworksBuildPhase section */

/* Begin PBXGroup section */
		526428CC1EEA8D3A005F7410 = {
			isa = PBXGroup;
			children = (
				526428D71EEA8D3A005F7410 /* Instagram */,
				526428D61EEA8D3A005F7410 /* Products */,
				62DC002723630F5798532FEB /* Pods */,
				7922D49D7233786C2373D496 /* Frameworks */,
			);
			sourceTree = "<group>";
		};
		526428D61EEA8D3A005F7410 /* Products */ = {
			isa = PBXGroup;
			children = (
				526428D51EEA8D3A005F7410 /* Instagram.app */,
			);
			name = Products;
			sourceTree = "<group>";
		};
		526428D71EEA8D3A005F7410 /* Instagram */ = {
			isa = PBXGroup;
			children = (
				526428D81EEA8D3A005F7410 /* AppDelegate.swift */,
				526428DA1EEA8D3A005F7410 /* ViewController.swift */,
				526428DC1EEA8D3A005F7410 /* Main.storyboard */,
				526428EA1EEA8E12005F7410 /* HomeViewController.swift */,
				526428EC1EEA8E1C005F7410 /* LoginViewController.swift */,
				526428EE1EEA8E25005F7410 /* SettingViewController.swift */,
				526428F01EEA8E35005F7410 /* PostViewController.swift */,
				526428F21EEA8E43005F7410 /* ImageSelectViewController.swift */,
				526428DF1EEA8D3A005F7410 /* Assets.xcassets */,
				526428E11EEA8D3A005F7410 /* LaunchScreen.storyboard */,
				526428F41EEA94D7005F7410 /* GoogleService-Info.plist */,
				526428E41EEA8D3A005F7410 /* Info.plist */,
			);
			path = Instagram;
			sourceTree = "<group>";
		};
		62DC002723630F5798532FEB /* Pods */ = {
			isa = PBXGroup;
			children = (
				E840F6AD2DE31E7751492E65 /* Pods-Instagram.debug.xcconfig */,
				2C577CC32758D81F7CC9D9A3 /* Pods-Instagram.release.xcconfig */,
			);
			name = Pods;
			sourceTree = "<group>";
		};
		7922D49D7233786C2373D496 /* Frameworks */ = {
			isa = PBXGroup;
			children = (
				89EA1F30C255ECC32A80E68B /* Pods_Instagram.framework */,
			);
			name = Frameworks;
			sourceTree = "<group>";
		};
/* End PBXGroup section */

/* Begin PBXNativeTarget section */
		526428D41EEA8D3A005F7410 /* Instagram */ = {
			isa = PBXNativeTarget;
			buildConfigurationList = 526428E71EEA8D3A005F7410 /* Build configuration list for PBXNativeTarget "Instagram" */;
			buildPhases = (
				721A5E3E79B4D0EF14303F50 /* [CP] Check Pods Manifest.lock */,
				526428D11EEA8D3A005F7410 /* Sources */,
				526428D21EEA8D3A005F7410 /* Frameworks */,
				526428D31EEA8D3A005F7410 /* Resources */,
				40F799C2EA9323129720E4AA /* [CP] Embed Pods Frameworks */,
				F7137539D4466628B3A7437E /* [CP] Copy Pods Resources */,
			);
			buildRules = (
			);
			dependencies = (
			);
			name = Instagram;
			productName = Instagram;
			productReference = 526428D51EEA8D3A005F7410 /* Instagram.app */;
			productType = "com.apple.product-type.application";
		};
/* End PBXNativeTarget section */

/* Begin PBXProject section */
		526428CD1EEA8D3A005F7410 /* Project object */ = {
			isa = PBXProject;
			attributes = {
				LastSwiftUpdateCheck = 0830;
				LastUpgradeCheck = 0830;
				ORGANIZATIONNAME = taichi.komoto;
				TargetAttributes = {
					526428D41EEA8D3A005F7410 = {
						CreatedOnToolsVersion = 8.3.2;
						ProvisioningStyle = Automatic;
					};
				};
			};
			buildConfigurationList = 526428D01EEA8D3A005F7410 /* Build configuration list for PBXProject "Instagram" */;
			compatibilityVersion = "Xcode 3.2";
			developmentRegion = English;
			hasScannedForEncodings = 0;
			knownRegions = (
				en,
				Base,
			);
			mainGroup = 526428CC1EEA8D3A005F7410;
			productRefGroup = 526428D61EEA8D3A005F7410 /* Products */;
			projectDirPath = "";
			projectRoot = "";
			targets = (
				526428D41EEA8D3A005F7410 /* Instagram */,
			);
		};
/* End PBXProject section */

/* Begin PBXResourcesBuildPhase section */
		526428D31EEA8D3A005F7410 /* Resources */ = {
			isa = PBXResourcesBuildPhase;
			buildActionMask = 2147483647;
			files = (
				526428E31EEA8D3A005F7410 /* LaunchScreen.storyboard in Resources */,
				526428F51EEA94D7005F7410 /* GoogleService-Info.plist in Resources */,
				526428E01EEA8D3A005F7410 /* Assets.xcassets in Resources */,
				526428DE1EEA8D3A005F7410 /* Main.storyboard in Resources */,
			);
			runOnlyForDeploymentPostprocessing = 0;
		};
/* End PBXResourcesBuildPhase section */

/* Begin PBXShellScriptBuildPhase section */
		40F799C2EA9323129720E4AA /* [CP] Embed Pods Frameworks */ = {
			isa = PBXShellScriptBuildPhase;
			buildActionMask = 2147483647;
			files = (
			);
			inputPaths = (
			);
			name = "[CP] Embed Pods Frameworks";
			outputPaths = (
			);
			runOnlyForDeploymentPostprocessing = 0;
			shellPath = /bin/sh;
			shellScript = "\"${SRCROOT}/Pods/Target Support Files/Pods-Instagram/Pods-Instagram-frameworks.sh\"\n";
			showEnvVarsInLog = 0;
		};
		721A5E3E79B4D0EF14303F50 /* [CP] Check Pods Manifest.lock */ = {
			isa = PBXShellScriptBuildPhase;
			buildActionMask = 2147483647;
			files = (
			);
			inputPaths = (
			);
			name = "[CP] Check Pods Manifest.lock";
			outputPaths = (
			);
			runOnlyForDeploymentPostprocessing = 0;
			shellPath = /bin/sh;
			shellScript = "diff \"${PODS_ROOT}/../Podfile.lock\" \"${PODS_ROOT}/Manifest.lock\" > /dev/null\nif [ $? != 0 ] ; then\n    # print error to STDERR\n    echo \"error: The sandbox is not in sync with the Podfile.lock. Run 'pod install' or update your CocoaPods installation.\" >&2\n    exit 1\nfi\n";
			showEnvVarsInLog = 0;
		};
		F7137539D4466628B3A7437E /* [CP] Copy Pods Resources */ = {
			isa = PBXShellScriptBuildPhase;
			buildActionMask = 2147483647;
			files = (
			);
			inputPaths = (
			);
			name = "[CP] Copy Pods Resources";
			outputPaths = (
			);
			runOnlyForDeploymentPostprocessing = 0;
			shellPath = /bin/sh;
			shellScript = "\"${SRCROOT}/Pods/Target Support Files/Pods-Instagram/Pods-Instagram-resources.sh\"\n";
			showEnvVarsInLog = 0;
		};
/* End PBXShellScriptBuildPhase section */

/* Begin PBXSourcesBuildPhase section */
		526428D11EEA8D3A005F7410 /* Sources */ = {
			isa = PBXSourcesBuildPhase;
			buildActionMask = 2147483647;
			files = (
				526428F31EEA8E43005F7410 /* ImageSelectViewController.swift in Sources */,
				526428F11EEA8E35005F7410 /* PostViewController.swift in Sources */,
				526428EF1EEA8E25005F7410 /* SettingViewController.swift in Sources */,
				526428ED1EEA8E1C005F7410 /* LoginViewController.swift in Sources */,
				526428DB1EEA8D3A005F7410 /* ViewController.swift in Sources */,
				526428D91EEA8D3A005F7410 /* AppDelegate.swift in Sources */,
				526428EB1EEA8E12005F7410 /* HomeViewController.swift in Sources */,
			);
			runOnlyForDeploymentPostprocessing = 0;
		};
/* End PBXSourcesBuildPhase section */

/* Begin PBXVariantGroup section */
		526428DC1EEA8D3A005F7410 /* Main.storyboard */ = {
			isa = PBXVariantGroup;
			children = (
				526428DD1EEA8D3A005F7410 /* Base */,
			);
			name = Main.storyboard;
			sourceTree = "<group>";
		};
		526428E11EEA8D3A005F7410 /* LaunchScreen.storyboard */ = {
			isa = PBXVariantGroup;
			children = (
				526428E21EEA8D3A005F7410 /* Base */,
			);
			name = LaunchScreen.storyboard;
			sourceTree = "<group>";
		};
/* End PBXVariantGroup section */

/* Begin XCBuildConfiguration section */
		526428E51EEA8D3A005F7410 /* Debug */ = {
			isa = XCBuildConfiguration;
			buildSettings = {
				ALWAYS_SEARCH_USER_PATHS = NO;
				CLANG_ANALYZER_NONNULL = YES;
				CLANG_ANALYZER_NUMBER_OBJECT_CONVERSION = YES_AGGRESSIVE;
				CLANG_CXX_LANGUAGE_STANDARD = "gnu++0x";
				CLANG_CXX_LIBRARY = "libc++";
				CLANG_ENABLE_MODULES = YES;
				CLANG_ENABLE_OBJC_ARC = YES;
				CLANG_WARN_BOOL_CONVERSION = YES;
				CLANG_WARN_CONSTANT_CONVERSION = YES;
				CLANG_WARN_DIRECT_OBJC_ISA_USAGE = YES_ERROR;
				CLANG_WARN_DOCUMENTATION_COMMENTS = YES;
				CLANG_WARN_EMPTY_BODY = YES;
				CLANG_WARN_ENUM_CONVERSION = YES;
				CLANG_WARN_INFINITE_RECURSION = YES;
				CLANG_WARN_INT_CONVERSION = YES;
				CLANG_WARN_OBJC_ROOT_CLASS = YES_ERROR;
				CLANG_WARN_SUSPICIOUS_MOVE = YES;
				CLANG_WARN_UNREACHABLE_CODE = YES;
				CLANG_WARN__DUPLICATE_METHOD_MATCH = YES;
				"CODE_SIGN_IDENTITY[sdk=iphoneos*]" = "iPhone Developer";
				COPY_PHASE_STRIP = NO;
				DEBUG_INFORMATION_FORMAT = dwarf;
				ENABLE_STRICT_OBJC_MSGSEND = YES;
				ENABLE_TESTABILITY = YES;
				GCC_C_LANGUAGE_STANDARD = gnu99;
				GCC_DYNAMIC_NO_PIC = NO;
				GCC_NO_COMMON_BLOCKS = YES;
				GCC_OPTIMIZATION_LEVEL = 0;
				GCC_PREPROCESSOR_DEFINITIONS = (
					"DEBUG=1",
					"$(inherited)",
				);
				GCC_WARN_64_TO_32_BIT_CONVERSION = YES;
				GCC_WARN_ABOUT_RETURN_TYPE = YES_ERROR;
				GCC_WARN_UNDECLARED_SELECTOR = YES;
				GCC_WARN_UNINITIALIZED_AUTOS = YES_AGGRESSIVE;
				GCC_WARN_UNUSED_FUNCTION = YES;
				GCC_WARN_UNUSED_VARIABLE = YES;
				IPHONEOS_DEPLOYMENT_TARGET = 10.3;
				MTL_ENABLE_DEBUG_INFO = YES;
				ONLY_ACTIVE_ARCH = YES;
				SDKROOT = iphoneos;
				SWIFT_ACTIVE_COMPILATION_CONDITIONS = DEBUG;
				SWIFT_OPTIMIZATION_LEVEL = "-Onone";
			};
			name = Debug;
		};
		526428E61EEA8D3A005F7410 /* Release */ = {
			isa = XCBuildConfiguration;
			buildSettings = {
				ALWAYS_SEARCH_USER_PATHS = NO;
				CLANG_ANALYZER_NONNULL = YES;
				CLANG_ANALYZER_NUMBER_OBJECT_CONVERSION = YES_AGGRESSIVE;
				CLANG_CXX_LANGUAGE_STANDARD = "gnu++0x";
				CLANG_CXX_LIBRARY = "libc++";
				CLANG_ENABLE_MODULES = YES;
				CLANG_ENABLE_OBJC_ARC = YES;
				CLANG_WARN_BOOL_CONVERSION = YES;
				CLANG_WARN_CONSTANT_CONVERSION = YES;
				CLANG_WARN_DIRECT_OBJC_ISA_USAGE = YES_ERROR;
				CLANG_WARN_DOCUMENTATION_COMMENTS = YES;
				CLANG_WARN_EMPTY_BODY = YES;
				CLANG_WARN_ENUM_CONVERSION = YES;
				CLANG_WARN_INFINITE_RECURSION = YES;
				CLANG_WARN_INT_CONVERSION = YES;
				CLANG_WARN_OBJC_ROOT_CLASS = YES_ERROR;
				CLANG_WARN_SUSPICIOUS_MOVE = YES;
				CLANG_WARN_UNREACHABLE_CODE = YES;
				CLANG_WARN__DUPLICATE_METHOD_MATCH = YES;
				"CODE_SIGN_IDENTITY[sdk=iphoneos*]" = "iPhone Developer";
				COPY_PHASE_STRIP = NO;
				DEBUG_INFORMATION_FORMAT = "dwarf-with-dsym";
				ENABLE_NS_ASSERTIONS = NO;
				ENABLE_STRICT_OBJC_MSGSEND = YES;
				GCC_C_LANGUAGE_STANDARD = gnu99;
				GCC_NO_COMMON_BLOCKS = YES;
				GCC_WARN_64_TO_32_BIT_CONVERSION = YES;
				GCC_WARN_ABOUT_RETURN_TYPE = YES_ERROR;
				GCC_WARN_UNDECLARED_SELECTOR = YES;
				GCC_WARN_UNINITIALIZED_AUTOS = YES_AGGRESSIVE;
				GCC_WARN_UNUSED_FUNCTION = YES;
				GCC_WARN_UNUSED_VARIABLE = YES;
				IPHONEOS_DEPLOYMENT_TARGET = 10.3;
				MTL_ENABLE_DEBUG_INFO = NO;
				SDKROOT = iphoneos;
				SWIFT_OPTIMIZATION_LEVEL = "-Owholemodule";
				VALIDATE_PRODUCT = YES;
			};
			name = Release;
		};
		526428E81EEA8D3A005F7410 /* Debug */ = {
			isa = XCBuildConfiguration;
			baseConfigurationReference = E840F6AD2DE31E7751492E65 /* Pods-Instagram.debug.xcconfig */;
			buildSettings = {
				ASSETCATALOG_COMPILER_APPICON_NAME = AppIcon;
				INFOPLIST_FILE = Instagram/Info.plist;
				LD_RUNPATH_SEARCH_PATHS = "$(inherited) @executable_path/Frameworks";
				PRODUCT_BUNDLE_IDENTIFIER = jp.techacademy.taichi.komoto.Instagram;
				PRODUCT_NAME = "$(TARGET_NAME)";
				SWIFT_VERSION = 3.0;
			};
			name = Debug;
		};
		526428E91EEA8D3A005F7410 /* Release */ = {
			isa = XCBuildConfiguration;
			baseConfigurationReference = 2C577CC32758D81F7CC9D9A3 /* Pods-Instagram.release.xcconfig */;
			buildSettings = {
				ASSETCATALOG_COMPILER_APPICON_NAME = AppIcon;
				INFOPLIST_FILE = Instagram/Info.plist;
				LD_RUNPATH_SEARCH_PATHS = "$(inherited) @executable_path/Frameworks";
				PRODUCT_BUNDLE_IDENTIFIER = jp.techacademy.taichi.komoto.Instagram;
				PRODUCT_NAME = "$(TARGET_NAME)";
				SWIFT_VERSION = 3.0;
			};
			name = Release;
		};
/* End XCBuildConfiguration section */

/* Begin XCConfigurationList section */
		526428D01EEA8D3A005F7410 /* Build configuration list for PBXProject "Instagram" */ = {
			isa = XCConfigurationList;
			buildConfigurations = (
				526428E51EEA8D3A005F7410 /* Debug */,
				526428E61EEA8D3A005F7410 /* Release */,
			);
			defaultConfigurationIsVisible = 0;
			defaultConfigurationName = Release;
		};
		526428E71EEA8D3A005F7410 /* Build configuration list for PBXNativeTarget "Instagram" */ = {
			isa = XCConfigurationList;
			buildConfigurations = (
				526428E81EEA8D3A005F7410 /* Debug */,
				526428E91EEA8D3A005F7410 /* Release */,
			);
			defaultConfigurationIsVisible = 0;
			defaultConfigurationName = Release;
		};
/* End XCConfigurationList section */
	};
	rootObject = 526428CD1EEA8D3A005F7410 /* Project object */;
}
